
Microsoft Visual Studio Solution File, Format Version 12.00
# Visual Studio Version 17
VisualStudioVersion = 17.0.31912.275
MinimumVisualStudioVersion = 10.0.40219.1
Project("{FAE04EC0-301F-11D3-BF4B-00C04F79EFBC}") = "DropOrganize", "DropOrganize\DropOrganize.csproj", "{AFBDE430-BB94-4A49-8B14-F44D88C5C74C}"
EndProject
Global
	GlobalSection(SolutionConfigurationPlatforms) = preSolution
		Debug|Any CPU = Debug|Any CPU
		Release|Any CPU = Release|Any CPU
	EndGlobalSection
	GlobalSection(ProjectConfigurationPlatforms) = postSolution
		{AFBDE430-BB94-4A49-8B14-F44D88C5C74C}.Debug|Any CPU.ActiveCfg = Debug|Any CPU
		{AFBDE430-BB94-4A49-8B14-F44D88C5C74C}.Debug|Any CPU.Build.0 = Debug|Any CPU
		{AFBDE430-BB94-4A49-8B14-F44D88C5C74C}.Release|Any CPU.ActiveCfg = Release|Any CPU
		{AFBDE430-BB94-4A49-8B14-F44D88C5C74C}.Release|Any CPU.Build.0 = Release|Any CPU
	EndGlobalSection
	GlobalSection(SolutionProperties) = preSolution
		HideSolutionNode = FALSE
	EndGlobalSection
	GlobalSection(ExtensibilityGlobals) = postSolution
		SolutionGuid = {EC48FFA2-12AF-4457-9C76-427785DB2FA1}
	EndGlobalSection
EndGlobal
